// !$*UTF8*$!
{
	archiveVersion = 1;
	classes = {
	};
	objectVersion = 46;
	objects = {

/* Begin PBXBuildFile section */
		12106AD01A4A2BE800124406 /* AppDelegate.swift in Sources */ = {isa = PBXBuildFile; fileRef = 12106ACF1A4A2BE800124406 /* AppDelegate.swift */; };
		12106AD21A4A2BE800124406 /* RecordSoundsViewController.swift in Sources */ = {isa = PBXBuildFile; fileRef = 12106AD11A4A2BE800124406 /* RecordSoundsViewController.swift */; };
		12106AD51A4A2BE800124406 /* Main.storyboard in Resources */ = {isa = PBXBuildFile; fileRef = 12106AD31A4A2BE800124406 /* Main.storyboard */; };
		12106AD71A4A2BE800124406 /* Images.xcassets in Resources */ = {isa = PBXBuildFile; fileRef = 12106AD61A4A2BE800124406 /* Images.xcassets */; };
		12106ADA1A4A2BE800124406 /* LaunchScreen.xib in Resources */ = {isa = PBXBuildFile; fileRef = 12106AD81A4A2BE800124406 /* LaunchScreen.xib */; };
		12106AE61A4A2BE800124406 /* Pitch_PerfectTests.swift in Sources */ = {isa = PBXBuildFile; fileRef = 12106AE51A4A2BE800124406 /* Pitch_PerfectTests.swift */; };
		12106AF01A4B463C00124406 /* playSoundsViewController.swift in Sources */ = {isa = PBXBuildFile; fileRef = 12106AEF1A4B463C00124406 /* playSoundsViewController.swift */; };
		12106AF61A4B74A300124406 /* RecordedAudio.swift in Sources */ = {isa = PBXBuildFile; fileRef = 12106AF51A4B74A300124406 /* RecordedAudio.swift */; };
/* End PBXBuildFile section */

/* Begin PBXContainerItemProxy section */
		12106AE01A4A2BE800124406 /* PBXContainerItemProxy */ = {
			isa = PBXContainerItemProxy;
			containerPortal = 12106AC21A4A2BE800124406 /* Project object */;
			proxyType = 1;
			remoteGlobalIDString = 12106AC91A4A2BE800124406;
			remoteInfo = "Pitch Perfect";
		};
/* End PBXContainerItemProxy section */

/* Begin PBXFileReference section */
		1205C2EA1A4C387200EF53C8 /* named parameters.playground */ = {isa = PBXFileReference; lastKnownFileType = file.playground; path = "named parameters.playground"; sourceTree = "<group>"; };
		1205C2EB1A4C387200EF53C8 /* structs enums.playground */ = {isa = PBXFileReference; lastKnownFileType = file.playground; path = "structs enums.playground"; sourceTree = "<group>"; };
		1205C2EC1A4C3E7100EF53C8 /* tupples.playground */ = {isa = PBXFileReference; lastKnownFileType = file.playground; path = tupples.playground; sourceTree = "<group>"; };
		1205C2ED1A4C3FA000EF53C8 /* optionals.playground */ = {isa = PBXFileReference; lastKnownFileType = file.playground; path = optionals.playground; sourceTree = "<group>"; };
		1205C2EE1A4C9EDF00EF53C8 /* UIColor.playground */ = {isa = PBXFileReference; lastKnownFileType = file.playground; path = UIColor.playground; sourceTree = "<group>"; };
		12106ACA1A4A2BE800124406 /* Pitch Perfect.app */ = {isa = PBXFileReference; explicitFileType = wrapper.application; includeInIndex = 0; path = "Pitch Perfect.app"; sourceTree = BUILT_PRODUCTS_DIR; };
		12106ACE1A4A2BE800124406 /* Info.plist */ = {isa = PBXFileReference; lastKnownFileType = text.plist.xml; path = Info.plist; sourceTree = "<group>"; };
		12106ACF1A4A2BE800124406 /* AppDelegate.swift */ = {isa = PBXFileReference; lastKnownFileType = sourcecode.swift; path = AppDelegate.swift; sourceTree = "<group>"; };
		12106AD11A4A2BE800124406 /* RecordSoundsViewController.swift */ = {isa = PBXFileReference; lastKnownFileType = sourcecode.swift; path = RecordSoundsViewController.swift; sourceTree = "<group>"; };
		12106AD41A4A2BE800124406 /* Base */ = {isa = PBXFileReference; lastKnownFileType = file.storyboard; name = Base; path = Base.lproj/Main.storyboard; sourceTree = "<group>"; };
		12106AD61A4A2BE800124406 /* Images.xcassets */ = {isa = PBXFileReference; lastKnownFileType = folder.assetcatalog; path = Images.xcassets; sourceTree = "<group>"; };
		12106AD91A4A2BE800124406 /* Base */ = {isa = PBXFileReference; lastKnownFileType = file.xib; name = Base; path = Base.lproj/LaunchScreen.xib; sourceTree = "<group>"; };
		12106ADF1A4A2BE800124406 /* Pitch PerfectTests.xctest */ = {isa = PBXFileReference; explicitFileType = wrapper.cfbundle; includeInIndex = 0; path = "Pitch PerfectTests.xctest"; sourceTree = BUILT_PRODUCTS_DIR; };
		12106AE41A4A2BE800124406 /* Info.plist */ = {isa = PBXFileReference; lastKnownFileType = text.plist.xml; path = Info.plist; sourceTree = "<group>"; };
		12106AE51A4A2BE800124406 /* Pitch_PerfectTests.swift */ = {isa = PBXFileReference; lastKnownFileType = sourcecode.swift; path = Pitch_PerfectTests.swift; sourceTree = "<group>"; };
		12106AEF1A4B463C00124406 /* playSoundsViewController.swift */ = {isa = PBXFileReference; fileEncoding = 4; lastKnownFileType = sourcecode.swift; path = playSoundsViewController.swift; sourceTree = "<group>"; };
		12106AF51A4B74A300124406 /* RecordedAudio.swift */ = {isa = PBXFileReference; fileEncoding = 4; lastKnownFileType = sourcecode.swift; path = RecordedAudio.swift; sourceTree = "<group>"; };
/* End PBXFileReference section */

/* Begin PBXFrameworksBuildPhase section */
		12106AC71A4A2BE800124406 /* Frameworks */ = {
			isa = PBXFrameworksBuildPhase;
			buildActionMask = 2147483647;
			files = (
			);
			runOnlyForDeploymentPostprocessing = 0;
		};
		12106ADC1A4A2BE800124406 /* Frameworks */ = {
			isa = PBXFrameworksBuildPhase;
			buildActionMask = 2147483647;
			files = (
			);
			runOnlyForDeploymentPostprocessing = 0;
		};
/* End PBXFrameworksBuildPhase section */

/* Begin PBXGroup section */
		1205C2E91A4C387200EF53C8 /* Playgrounds */ = {
			isa = PBXGroup;
			children = (
				1205C2EA1A4C387200EF53C8 /* named parameters.playground */,
				1205C2EB1A4C387200EF53C8 /* structs enums.playground */,
				1205C2EC1A4C3E7100EF53C8 /* tupples.playground */,
				1205C2ED1A4C3FA000EF53C8 /* optionals.playground */,
				1205C2EE1A4C9EDF00EF53C8 /* UIColor.playground */,
			);
			path = Playgrounds;
			sourceTree = "<group>";
		};
		12106AC11A4A2BE800124406 = {
			isa = PBXGroup;
			children = (
				1205C2E91A4C387200EF53C8 /* Playgrounds */,
				12106ACC1A4A2BE800124406 /* Pitch Perfect */,
				12106AE21A4A2BE800124406 /* Pitch PerfectTests */,
				12106ACB1A4A2BE800124406 /* Products */,
			);
			sourceTree = "<group>";
		};
		12106ACB1A4A2BE800124406 /* Products */ = {
			isa = PBXGroup;
			children = (
				12106ACA1A4A2BE800124406 /* Pitch Perfect.app */,
				12106ADF1A4A2BE800124406 /* Pitch PerfectTests.xctest */,
			);
			name = Products;
			sourceTree = "<group>";
		};
		12106ACC1A4A2BE800124406 /* Pitch Perfect */ = {
			isa = PBXGroup;
			children = (
				12106ACF1A4A2BE800124406 /* AppDelegate.swift */,
				12106AD11A4A2BE800124406 /* RecordSoundsViewController.swift */,
				12106AF51A4B74A300124406 /* RecordedAudio.swift */,
				12106AD31A4A2BE800124406 /* Main.storyboard */,
				12106AEF1A4B463C00124406 /* playSoundsViewController.swift */,
				12106AD61A4A2BE800124406 /* Images.xcassets */,
				12106AD81A4A2BE800124406 /* LaunchScreen.xib */,
				12106ACD1A4A2BE800124406 /* Supporting Files */,
			);
			path = "Pitch Perfect";
			sourceTree = "<group>";
		};
		12106ACD1A4A2BE800124406 /* Supporting Files */ = {
			isa = PBXGroup;
			children = (
				12106ACE1A4A2BE800124406 /* Info.plist */,
			);
			name = "Supporting Files";
			sourceTree = "<group>";
		};
		12106AE21A4A2BE800124406 /* Pitch PerfectTests */ = {
			isa = PBXGroup;
			children = (
				12106AE51A4A2BE800124406 /* Pitch_PerfectTests.swift */,
				12106AE31A4A2BE800124406 /* Supporting Files */,
			);
			path = "Pitch PerfectTests";
			sourceTree = "<group>";
		};
		12106AE31A4A2BE800124406 /* Supporting Files */ = {
			isa = PBXGroup;
			children = (
				12106AE41A4A2BE800124406 /* Info.plist */,
			);
			name = "Supporting Files";
			sourceTree = "<group>";
		};
/* End PBXGroup section */

/* Begin PBXNativeTarget section */
		12106AC91A4A2BE800124406 /* Pitch Perfect */ = {
			isa = PBXNativeTarget;
			buildConfigurationList = 12106AE91A4A2BE800124406 /* Build configuration list for PBXNativeTarget "Pitch Perfect" */;
			buildPhases = (
				12106AC61A4A2BE800124406 /* Sources */,
				12106AC71A4A2BE800124406 /* Frameworks */,
				12106AC81A4A2BE800124406 /* Resources */,
			);
			buildRules = (
			);
			dependencies = (
			);
			name = "Pitch Perfect";
			productName = "Pitch Perfect";
			productReference = 12106ACA1A4A2BE800124406 /* Pitch Perfect.app */;
			productType = "com.apple.product-type.application";
		};
		12106ADE1A4A2BE800124406 /* Pitch PerfectTests */ = {
			isa = PBXNativeTarget;
			buildConfigurationList = 12106AEC1A4A2BE800124406 /* Build configuration list for PBXNativeTarget "Pitch PerfectTests" */;
			buildPhases = (
				12106ADB1A4A2BE800124406 /* Sources */,
				12106ADC1A4A2BE800124406 /* Frameworks */,
				12106ADD1A4A2BE800124406 /* Resources */,
			);
			buildRules = (
			);
			dependencies = (
				12106AE11A4A2BE800124406 /* PBXTargetDependency */,
			);
			name = "Pitch PerfectTests";
			productName = "Pitch PerfectTests";
			productReference = 12106ADF1A4A2BE800124406 /* Pitch PerfectTests.xctest */;
			productType = "com.apple.product-type.bundle.unit-test";
		};
/* End PBXNativeTarget section */

/* Begin PBXProject section */
		12106AC21A4A2BE800124406 /* Project object */ = {
			isa = PBXProject;
			attributes = {
				LastUpgradeCheck = 0610;
				ORGANIZATIONNAME = "Bruno Magalhaes";
				TargetAttributes = {
					12106AC91A4A2BE800124406 = {
						CreatedOnToolsVersion = 6.1.1;
					};
					12106ADE1A4A2BE800124406 = {
						CreatedOnToolsVersion = 6.1.1;
						TestTargetID = 12106AC91A4A2BE800124406;
					};
				};
			};
			buildConfigurationList = 12106AC51A4A2BE800124406 /* Build configuration list for PBXProject "Pitch Perfect" */;
			compatibilityVersion = "Xcode 3.2";
			developmentRegion = English;
			hasScannedForEncodings = 0;
			knownRegions = (
				en,
				Base,
			);
			mainGroup = 12106AC11A4A2BE800124406;
			productRefGroup = 12106ACB1A4A2BE800124406 /* Products */;
			projectDirPath = "";
			projectRoot = "";
			targets = (
				12106AC91A4A2BE800124406 /* Pitch Perfect */,
				12106ADE1A4A2BE800124406 /* Pitch PerfectTests */,
			);
		};
/* End PBXProject section */

/* Begin PBXResourcesBuildPhase section */
		12106AC81A4A2BE800124406 /* Resources */ = {
			isa = PBXResourcesBuildPhase;
			buildActionMask = 2147483647;
			files = (
				12106AD51A4A2BE800124406 /* Main.storyboard in Resources */,
				12106ADA1A4A2BE800124406 /* LaunchScreen.xib in Resources */,
				12106AD71A4A2BE800124406 /* Images.xcassets in Resources */,
			);
			runOnlyForDeploymentPostprocessing = 0;
		};
		12106ADD1A4A2BE800124406 /* Resources */ = {
			isa = PBXResourcesBuildPhase;
			buildActionMask = 2147483647;
			files = (
			);
			runOnlyForDeploymentPostprocessing = 0;
		};
/* End PBXResourcesBuildPhase section */

/* Begin PBXSourcesBuildPhase section */
		12106AC61A4A2BE800124406 /* Sources */ = {
			isa = PBXSourcesBuildPhase;
			buildActionMask = 2147483647;
			files = (
				12106AF61A4B74A300124406 /* RecordedAudio.swift in Sources */,
				12106AF01A4B463C00124406 /* playSoundsViewController.swift in Sources */,
				12106AD21A4A2BE800124406 /* RecordSoundsViewController.swift in Sources */,
				12106AD01A4A2BE800124406 /* AppDelegate.swift in Sources */,
			);
			runOnlyForDeploymentPostprocessing = 0;
		};
		12106ADB1A4A2BE800124406 /* Sources */ = {
			isa = PBXSourcesBuildPhase;
			buildActionMask = 2147483647;
			files = (
				12106AE61A4A2BE800124406 /* Pitch_PerfectTests.swift in Sources */,
			);
			runOnlyForDeploymentPostprocessing = 0;
		};
/* End PBXSourcesBuildPhase section */

/* Begin PBXTargetDependency section */
		12106AE11A4A2BE800124406 /* PBXTargetDependency */ = {
			isa = PBXTargetDependency;
			target = 12106AC91A4A2BE800124406 /* Pitch Perfect */;
			targetProxy = 12106AE01A4A2BE800124406 /* PBXContainerItemProxy */;
		};
/* End PBXTargetDependency section */

/* Begin PBXVariantGroup section */
		12106AD31A4A2BE800124406 /* Main.storyboard */ = {
			isa = PBXVariantGroup;
			children = (
				12106AD41A4A2BE800124406 /* Base */,
			);
			name = Main.storyboard;
			sourceTree = "<group>";
		};
		12106AD81A4A2BE800124406 /* LaunchScreen.xib */ = {
			isa = PBXVariantGroup;
			children = (
				12106AD91A4A2BE800124406 /* Base */,
			);
			name = LaunchScreen.xib;
			sourceTree = "<group>";
		};
/* End PBXVariantGroup section */

/* Begin XCBuildConfiguration section */
		12106AE71A4A2BE800124406 /* Debug */ = {
			isa = XCBuildConfiguration;
			buildSettings = {
				ALWAYS_SEARCH_USER_PATHS = NO;
				CLANG_CXX_LANGUAGE_STANDARD = "gnu++0x";
				CLANG_CXX_LIBRARY = "libc++";
				CLANG_ENABLE_MODULES = YES;
				CLANG_ENABLE_OBJC_ARC = YES;
				CLANG_WARN_BOOL_CONVERSION = YES;
				CLANG_WARN_CONSTANT_CONVERSION = YES;
				CLANG_WARN_DIRECT_OBJC_ISA_USAGE = YES_ERROR;
				CLANG_WARN_EMPTY_BODY = YES;
				CLANG_WARN_ENUM_CONVERSION = YES;
				CLANG_WARN_INT_CONVERSION = YES;
				CLANG_WARN_OBJC_ROOT_CLASS = YES_ERROR;
				CLANG_WARN_UNREACHABLE_CODE = YES;
				CLANG_WARN__DUPLICATE_METHOD_MATCH = YES;
				"CODE_SIGN_IDENTITY[sdk=iphoneos*]" = "iPhone Developer";
				COPY_PHASE_STRIP = NO;
				ENABLE_STRICT_OBJC_MSGSEND = YES;
				GCC_C_LANGUAGE_STANDARD = gnu99;
				GCC_DYNAMIC_NO_PIC = NO;
				GCC_OPTIMIZATION_LEVEL = 0;
				GCC_PREPROCESSOR_DEFINITIONS = (
					"DEBUG=1",
					"$(inherited)",
				);
				GCC_SYMBOLS_PRIVATE_EXTERN = NO;
				GCC_WARN_64_TO_32_BIT_CONVERSION = YES;
				GCC_WARN_ABOUT_RETURN_TYPE = YES_ERROR;
				GCC_WARN_UNDECLARED_SELECTOR = YES;
				GCC_WARN_UNINITIALIZED_AUTOS = YES_AGGRESSIVE;
				GCC_WARN_UNUSED_FUNCTION = YES;
				GCC_WARN_UNUSED_VARIABLE = YES;
				IPHONEOS_DEPLOYMENT_TARGET = 8.1;
				MTL_ENABLE_DEBUG_INFO = YES;
				ONLY_ACTIVE_ARCH = YES;
				SDKROOT = iphoneos;
				SWIFT_OPTIMIZATION_LEVEL = "-Onone";
			};
			name = Debug;
		};
		12106AE81A4A2BE800124406 /* Release */ = {
			isa = XCBuildConfiguration;
			buildSettings = {
				ALWAYS_SEARCH_USER_PATHS = NO;
				CLANG_CXX_LANGUAGE_STANDARD = "gnu++0x";
				CLANG_CXX_LIBRARY = "libc++";
				CLANG_ENABLE_MODULES = YES;
				CLANG_ENABLE_OBJC_ARC = YES;
				CLANG_WARN_BOOL_CONVERSION = YES;
				CLANG_WARN_CONSTANT_CONVERSION = YES;
				CLANG_WARN_DIRECT_OBJC_ISA_USAGE = YES_ERROR;
				CLANG_WARN_EMPTY_BODY = YES;
				CLANG_WARN_ENUM_CONVERSION = YES;
				CLANG_WARN_INT_CONVERSION = YES;
				CLANG_WARN_OBJC_ROOT_CLASS = YES_ERROR;
				CLANG_WARN_UNREACHABLE_CODE = YES;
				CLANG_WARN__DUPLICATE_METHOD_MATCH = YES;
				"CODE_SIGN_IDENTITY[sdk=iphoneos*]" = "iPhone Developer";
				COPY_PHASE_STRIP = YES;
				ENABLE_NS_ASSERTIONS = NO;
				ENABLE_STRICT_OBJC_MSGSEND = YES;
				GCC_C_LANGUAGE_STANDARD = gnu99;
				GCC_WARN_64_TO_32_BIT_CONVERSION = YES;
				GCC_WARN_ABOUT_RETURN_TYPE = YES_ERROR;
				GCC_WARN_UNDECLARED_SELECTOR = YES;
				GCC_WARN_UNINITIALIZED_AUTOS = YES_AGGRESSIVE;
				GCC_WARN_UNUSED_FUNCTION = YES;
				GCC_WARN_UNUSED_VARIABLE = YES;
				IPHONEOS_DEPLOYMENT_TARGET = 8.1;
				MTL_ENABLE_DEBUG_INFO = NO;
				SDKROOT = iphoneos;
				VALIDATE_PRODUCT = YES;
			};
			name = Release;
		};
		12106AEA1A4A2BE800124406 /* Debug */ = {
			isa = XCBuildConfiguration;
			buildSettings = {
				ASSETCATALOG_COMPILER_APPICON_NAME = AppIcon;
				INFOPLIST_FILE = "Pitch Perfect/Info.plist";
				LD_RUNPATH_SEARCH_PATHS = "$(inherited) @executable_path/Frameworks";
				PRODUCT_NAME = "$(TARGET_NAME)";
			};
			name = Debug;
		};
		12106AEB1A4A2BE800124406 /* Release */ = {
			isa = XCBuildConfiguration;
			buildSettings = {
				ASSETCATALOG_COMPILER_APPICON_NAME = AppIcon;
				INFOPLIST_FILE = "Pitch Perfect/Info.plist";
				LD_RUNPATH_SEARCH_PATHS = "$(inherited) @executable_path/Frameworks";
				PRODUCT_NAME = "$(TARGET_NAME)";
			};
			name = Release;
		};
		12106AED1A4A2BE800124406 /* Debug */ = {
			isa = XCBuildConfiguration;
			buildSettings = {
				BUNDLE_LOADER = "$(TEST_HOST)";
				FRAMEWORK_SEARCH_PATHS = (
					"$(SDKROOT)/Developer/Library/Frameworks",
					"$(inherited)",
				);
				GCC_PREPROCESSOR_DEFINITIONS = (
					"DEBUG=1",
					"$(inherited)",
				);
				INFOPLIST_FILE = "Pitch PerfectTests/Info.plist";
				LD_RUNPATH_SEARCH_PATHS = "$(inherited) @executable_path/Frameworks @loader_path/Frameworks";
				PRODUCT_NAME = "$(TARGET_NAME)";
				TEST_HOST = "$(BUILT_PRODUCTS_DIR)/Pitch Perfect.app/Pitch Perfect";
			};
			name = Debug;
		};
		12106AEE1A4A2BE800124406 /* Release */ = {
			isa = XCBuildConfiguration;
			buildSettings = {
				BUNDLE_LOADER = "$(TEST_HOST)";
				FRAMEWORK_SEARCH_PATHS = (
					"$(SDKROOT)/Developer/Library/Frameworks",
					"$(inherited)",
				);
				INFOPLIST_FILE = "Pitch PerfectTests/Info.plist";
				LD_RUNPATH_SEARCH_PATHS = "$(inherited) @executable_path/Frameworks @loader_path/Frameworks";
				PRODUCT_NAME = "$(TARGET_NAME)";
				TEST_HOST = "$(BUILT_PRODUCTS_DIR)/Pitch Perfect.app/Pitch Perfect";
			};
			name = Release;
		};
/* End XCBuildConfiguration section */

/* Begin XCConfigurationList section */
		12106AC51A4A2BE800124406 /* Build configuration list for PBXProject "Pitch Perfect" */ = {
			isa = XCConfigurationList;
			buildConfigurations = (
				12106AE71A4A2BE800124406 /* Debug */,
				12106AE81A4A2BE800124406 /* Release */,
			);
			defaultConfigurationIsVisible = 0;
			defaultConfigurationName = Release;
		};
		12106AE91A4A2BE800124406 /* Build configuration list for PBXNativeTarget "Pitch Perfect" */ = {
			isa = XCConfigurationList;
			buildConfigurations = (
				12106AEA1A4A2BE800124406 /* Debug */,
				12106AEB1A4A2BE800124406 /* Release */,
			);
			defaultConfigurationIsVisible = 0;
			defaultConfigurationName = Release;
		};
		12106AEC1A4A2BE800124406 /* Build configuration list for PBXNativeTarget "Pitch PerfectTests" */ = {
			isa = XCConfigurationList;
			buildConfigurations = (
				12106AED1A4A2BE800124406 /* Debug */,
				12106AEE1A4A2BE800124406 /* Release */,
			);
			defaultConfigurationIsVisible = 0;
			defaultConfigurationName = Release;
		};
/* End XCConfigurationList section */
	};
	rootObject = 12106AC21A4A2BE800124406 /* Project object */;
}
